
Microsoft Visual Studio Solution File, Format Version 12.00
# Visual Studio 15
VisualStudioVersion = 15.0.28010.2046
MinimumVisualStudioVersion = 10.0.40219.1
Project("{FAE04EC0-301F-11D3-BF4B-00C04F79EFBC}") = "cs_lesson5.3.1", "cs_lesson5.3.1\cs_lesson5.3.1.csproj", "{49147C41-C0E2-4BA3-AF28-C6D537273A98}"
EndProject
Project("{2150E333-8FDC-42A3-9474-1A3956D46DE8}") = "Solution Items", "Solution Items", "{FFD71623-6220-4062-924C-6E0FDFFC2CC3}"
	ProjectSection(SolutionItems) = preProject
		readme.txt = readme.txt
	EndProjectSection
EndProject
Global
	GlobalSection(SolutionConfigurationPlatforms) = preSolution
		Debug|Any CPU = Debug|Any CPU
		Release|Any CPU = Release|Any CPU
	EndGlobalSection
	GlobalSection(ProjectConfigurationPlatforms) = postSolution
		{49147C41-C0E2-4BA3-AF28-C6D537273A98}.Debug|Any CPU.ActiveCfg = Debug|Any CPU
		{49147C41-C0E2-4BA3-AF28-C6D537273A98}.Debug|Any CPU.Build.0 = Debug|Any CPU
		{49147C41-C0E2-4BA3-AF28-C6D537273A98}.Release|Any CPU.ActiveCfg = Release|Any CPU
		{49147C41-C0E2-4BA3-AF28-C6D537273A98}.Release|Any CPU.Build.0 = Release|Any CPU
	EndGlobalSection
	GlobalSection(SolutionProperties) = preSolution
		HideSolutionNode = FALSE
	EndGlobalSection
	GlobalSection(ExtensibilityGlobals) = postSolution
		SolutionGuid = {16352537-74E8-4347-82D9-36EC6CBE8C01}
	EndGlobalSection
EndGlobal
